
Microsoft Visual Studio Solution File, Format Version 12.00
# Visual Studio for Mac
Project("{FAE04EC0-301F-11D3-BF4B-00C04F79EFBC}") = "Assembly-CSharp", "Assembly-CSharp.csproj", "{994E6B0C-71DF-1FD4-EFF5-75F7A3480602}"
EndProject
Project("{FAE04EC0-301F-11D3-BF4B-00C04F79EFBC}") = "Assembly-CSharp-Editor", "Assembly-CSharp-Editor.csproj", "{9A4ABB6C-27E7-105A-F651-4C14F3CDFFE2}"
EndProject
Global
	GlobalSection(SolutionConfigurationPlatforms) = preSolution
		Debug|Any CPU = Debug|Any CPU
		Release|Any CPU = Release|Any CPU
	EndGlobalSection
	GlobalSection(ProjectConfigurationPlatforms) = postSolution
		{994E6B0C-71DF-1FD4-EFF5-75F7A3480602}.Debug|Any CPU.ActiveCfg = Debug|Any CPU
		{994E6B0C-71DF-1FD4-EFF5-75F7A3480602}.Debug|Any CPU.Build.0 = Debug|Any CPU
		{994E6B0C-71DF-1FD4-EFF5-75F7A3480602}.Release|Any CPU.ActiveCfg = Release|Any CPU
		{994E6B0C-71DF-1FD4-EFF5-75F7A3480602}.Release|Any CPU.Build.0 = Release|Any CPU
		{9A4ABB6C-27E7-105A-F651-4C14F3CDFFE2}.Debug|Any CPU.ActiveCfg = Debug|Any CPU
		{9A4ABB6C-27E7-105A-F651-4C14F3CDFFE2}.Debug|Any CPU.Build.0 = Debug|Any CPU
		{9A4ABB6C-27E7-105A-F651-4C14F3CDFFE2}.Release|Any CPU.ActiveCfg = Release|Any CPU
		{9A4ABB6C-27E7-105A-F651-4C14F3CDFFE2}.Release|Any CPU.Build.0 = Release|Any CPU
	EndGlobalSection
	GlobalSection(SolutionProperties) = preSolution
		HideSolutionNode = FALSE
	EndGlobalSection
EndGlobal
